{
  "name": "mukbang-extension",
  "version": "1.0.0",
  "lockfileVersion": 3,
  "requires": true,
  "packages": {
    "": {
      "name": "mukbang-extension",
      "version": "1.0.0",
      "license": "ISC",
      "dependencies": {
        "yelp-fusion": "^3.0.0"
      }
    },
    "node_modules/@tonybadguy/call-me-maybe": {
      "version": "2.1.1",
      "resolved": "https://registry.npmjs.org/@tonybadguy/call-me-maybe/-/call-me-maybe-2.1.1.tgz",
      "integrity": "sha512-Gc7G5o5Wd5I0d3ohzoZmqb1Jowr8sGURcFmGsoqiPk2ydFjwtYXRQTb4eYoJ1dZqdBlQGHRmL5mmbiMm4Kl2/w==",
      "dependencies": {
        "caseless": "^0.11.0",
        "error": "^7.0.2",
        "small-request": "^2.1.0",
        "string-template": "^1.0.0"
      }
    },
    "node_modules/caseless": {
      "version": "0.11.0",
      "resolved": "https://registry.npmjs.org/caseless/-/caseless-0.11.0.tgz",
      "integrity": "sha512-ODLXH644w9C2fMPAm7bMDQ3GRvipZWZfKc+8As6hIadRIelE0n0xZuN38NS6kiK3KPEVrpymmQD8bvncAHWQkQ=="
    },
    "node_modules/error": {
      "version": "7.2.1",
      "resolved": "https://registry.npmjs.org/error/-/error-7.2.1.tgz",
      "integrity": "sha512-fo9HBvWnx3NGUKMvMwB/CBCMMrfEJgbDTVDEkPygA3Bdd3lM1OyCd+rbQ8BwnpF6GdVeOLDNmyL4N5Bg80ZvdA==",
      "dependencies": {
        "string-template": "~0.2.1"
      }
    },
    "node_modules/error/node_modules/string-template": {
      "version": "0.2.1",
      "resolved": "https://registry.npmjs.org/string-template/-/string-template-0.2.1.tgz",
      "integrity": "sha512-Yptehjogou2xm4UJbxJ4CxgZx12HBfeystp0y3x7s4Dj32ltVVG1Gg8YhKjHZkHicuKpZX/ffilA8505VbUbpw=="
    },
    "node_modules/request-function": {
      "version": "2.0.0",
      "resolved": "https://registry.npmjs.org/request-function/-/request-function-2.0.0.tgz",
      "integrity": "sha512-tw6kEYJp+JPLEjcEBFEtAvtDFUHY50LtrSAJHKXaos2+geAXSKjKNdA2wwTsqDq8YKl1i3+TJ60AjUb5exaM8A==",
      "dependencies": {
        "error": "^7.0.2"
      }
    },
    "node_modules/small-request": {
      "version": "2.1.0",
      "resolved": "https://registry.npmjs.org/small-request/-/small-request-2.1.0.tgz",
      "integrity": "sha512-tQlteNci7wsIsmt7KoyZj0izeuY718NBeKVhJdWxTmQHKsJp4INUhWLTJ000EzNu9p41TqbGPOrSl0wroK581Q==",
      "dependencies": {
        "request-function": "^2.0.0"
      }
    },
    "node_modules/string-template": {
      "version": "1.0.0",
      "resolved": "https://registry.npmjs.org/string-template/-/string-template-1.0.0.tgz",
      "integrity": "sha512-SLqR3GBUXuoPP5MmYtD7ompvXiG87QjT6lzOszyXjTM86Uu7At7vNnt2xgyTLq5o9T4IxTYFyGxcULqpsmsfdg=="
    },
    "node_modules/yelp-fusion": {
      "version": "3.0.0",
      "resolved": "https://registry.npmjs.org/yelp-fusion/-/yelp-fusion-3.0.0.tgz",
      "integrity": "sha512-Os4A0+v980W8sm4kurUpK4E0FMS5hvtA0//g7Jb9QI2gS7WfX/1Zw12S792LKt3YM/qJNow7XIR2g3bONlX/fg==",
      "dependencies": {
        "@tonybadguy/call-me-maybe": "^2.1.1"
      }
    }
  }
}
